
Microsoft Visual Studio Solution File, Format Version 12.00
# Visual Studio 15
Project("{FAE04EC0-301F-11D3-BF4B-00C04F79EFBC}") = "Assembly-CSharp", "Assembly-CSharp.csproj", "{B93BAE79-5BA9-69CE-63F8-A3775188C05E}"
EndProject
Global
	GlobalSection(SolutionConfigurationPlatforms) = preSolution
		Debug|Any CPU = Debug|Any CPU
		Release|Any CPU = Release|Any CPU
	EndGlobalSection
	GlobalSection(ProjectConfigurationPlatforms) = postSolution
		{B93BAE79-5BA9-69CE-63F8-A3775188C05E}.Debug|Any CPU.ActiveCfg = Debug|Any CPU
		{B93BAE79-5BA9-69CE-63F8-A3775188C05E}.Debug|Any CPU.Build.0 = Debug|Any CPU
		{B93BAE79-5BA9-69CE-63F8-A3775188C05E}.Release|Any CPU.ActiveCfg = Release|Any CPU
		{B93BAE79-5BA9-69CE-63F8-A3775188C05E}.Release|Any CPU.Build.0 = Release|Any CPU
	EndGlobalSection
	GlobalSection(SolutionProperties) = preSolution
		HideSolutionNode = FALSE
	EndGlobalSection
EndGlobal
